
Microsoft Visual Studio Solution File, Format Version 12.00
# Visual Studio Version 17
VisualStudioVersion = 17.14.36310.24 d17.14
MinimumVisualStudioVersion = 10.0.40219.1
Project("{888888A0-9F3D-457C-B088-3A5042F75D52}") = "PythonStrandSort", "PythonStrandSort\PythonStrandSort.pyproj", "{97A842A8-773B-474A-81D4-45AFD8FDB446}"
EndProject
Global
	GlobalSection(SolutionConfigurationPlatforms) = preSolution
		Debug|Any CPU = Debug|Any CPU
		Release|Any CPU = Release|Any CPU
	EndGlobalSection
	GlobalSection(ProjectConfigurationPlatforms) = postSolution
		{97A842A8-773B-474A-81D4-45AFD8FDB446}.Debug|Any CPU.ActiveCfg = Debug|Any CPU
		{97A842A8-773B-474A-81D4-45AFD8FDB446}.Release|Any CPU.ActiveCfg = Release|Any CPU
	EndGlobalSection
	GlobalSection(SolutionProperties) = preSolution
		HideSolutionNode = FALSE
	EndGlobalSection
	GlobalSection(ExtensibilityGlobals) = postSolution
		SolutionGuid = {5BA92B13-A80A-417A-BD33-7BE63157F100}
	EndGlobalSection
EndGlobal
